// !$*UTF8*$!
{
	archiveVersion = 1;
	classes = {
	};
	objectVersion = 54;
	objects = {

/* Begin PBXBuildFile section */
		00E356F31AD99517003FC87E /* toDoApp_desafioTests.m in Sources */ = {isa = PBXBuildFile; fileRef = 00E356F21AD99517003FC87E /* toDoApp_desafioTests.m */; };
		0C80B921A6F3F58F76C31292 /* libPods-toDoApp_desafio.a in Frameworks */ = {isa = PBXBuildFile; fileRef = 5DCACB8F33CDC322A6C60F78 /* libPods-toDoApp_desafio.a */; };
		13B07FBC1A68108700A75B9A /* AppDelegate.mm in Sources */ = {isa = PBXBuildFile; fileRef = 13B07FB01A68108700A75B9A /* AppDelegate.mm */; };
		13B07FBF1A68108700A75B9A /* Images.xcassets in Resources */ = {isa = PBXBuildFile; fileRef = 13B07FB51A68108700A75B9A /* Images.xcassets */; };
		13B07FC11A68108700A75B9A /* main.m in Sources */ = {isa = PBXBuildFile; fileRef = 13B07FB71A68108700A75B9A /* main.m */; };
		7699B88040F8A987B510C191 /* libPods-toDoApp_desafio-toDoApp_desafioTests.a in Frameworks */ = {isa = PBXBuildFile; fileRef = 19F6CBCC0A4E27FBF8BF4A61 /* libPods-toDoApp_desafio-toDoApp_desafioTests.a */; };
		81AB9BB82411601600AC10FF /* LaunchScreen.storyboard in Resources */ = {isa = PBXBuildFile; fileRef = 81AB9BB72411601600AC10FF /* LaunchScreen.storyboard */; };
		40F9412B62E848E0A8B20FC6 /* Antonio-Bold.ttf in Resources */ = {isa = PBXBuildFile; fileRef = 72859C5EF62C4CB88DD13183 /* Antonio-Bold.ttf */; };
		A8850D004BC949438493C3EC /* Antonio-ExtraLight.ttf in Resources */ = {isa = PBXBuildFile; fileRef = 1F50E66064DA405281760628 /* Antonio-ExtraLight.ttf */; };
		0C3D65860E1A4A8DB43AE882 /* Antonio-Light.ttf in Resources */ = {isa = PBXBuildFile; fileRef = B8B90125D81E4B59A2B5456D /* Antonio-Light.ttf */; };
		950D481398EB4C0D834485B0 /* Antonio-Medium.ttf in Resources */ = {isa = PBXBuildFile; fileRef = 0E962DE6750C496C921044FE /* Antonio-Medium.ttf */; };
		DB3FF65D2860403F8D87899D /* Antonio-Regular.ttf in Resources */ = {isa = PBXBuildFile; fileRef = 9C32000D8071416FA352AD11 /* Antonio-Regular.ttf */; };
		051D0216A23D475C83DBF9C5 /* Antonio-SemiBold.ttf in Resources */ = {isa = PBXBuildFile; fileRef = 6DA1259304244C669B73D218 /* Antonio-SemiBold.ttf */; };
		35235994FEE54EC8B594AA95 /* Antonio-Thin.ttf in Resources */ = {isa = PBXBuildFile; fileRef = 5D251954E2F845B591447FB7 /* Antonio-Thin.ttf */; };
		03029193B749453391FB44B3 /* Nunito-Black.ttf in Resources */ = {isa = PBXBuildFile; fileRef = 7586C0293FEA44D88A4023EE /* Nunito-Black.ttf */; };
		14D5A1609CC14DA292D45EC1 /* Nunito-BlackItalic.ttf in Resources */ = {isa = PBXBuildFile; fileRef = 7A3CF066E52F48F1B86086E7 /* Nunito-BlackItalic.ttf */; };
		2B5E455A42EA40509BF480D2 /* Nunito-Bold.ttf in Resources */ = {isa = PBXBuildFile; fileRef = 85EC8158BE9744F5919D4761 /* Nunito-Bold.ttf */; };
		16A75A530610436A80758FE4 /* Nunito-BoldItalic.ttf in Resources */ = {isa = PBXBuildFile; fileRef = D829FCD112964F078DC8AF8A /* Nunito-BoldItalic.ttf */; };
		AEC7B1F5102A443181DECB55 /* Nunito-ExtraBold.ttf in Resources */ = {isa = PBXBuildFile; fileRef = 9F3EE767D51F4213A86A682B /* Nunito-ExtraBold.ttf */; };
		6044825873F941459A20CC4F /* Nunito-ExtraBoldItalic.ttf in Resources */ = {isa = PBXBuildFile; fileRef = C0D4AB0E12BD4D64AA45BF8E /* Nunito-ExtraBoldItalic.ttf */; };
		CB290B55E4D74E0497CBBE4B /* Nunito-ExtraLight.ttf in Resources */ = {isa = PBXBuildFile; fileRef = DE7AC335B6E247A59C2C0E3F /* Nunito-ExtraLight.ttf */; };
		1BEB7A3727C04581BFAA9A00 /* Nunito-ExtraLightItalic.ttf in Resources */ = {isa = PBXBuildFile; fileRef = F4CF24A1807C4D92B2B60347 /* Nunito-ExtraLightItalic.ttf */; };
		E11E61218B0842DE8D7E10AD /* Nunito-Italic.ttf in Resources */ = {isa = PBXBuildFile; fileRef = B7A7E27C17F64DBFA6B8983A /* Nunito-Italic.ttf */; };
		E1278A9B97964E5189A387D5 /* Nunito-Light.ttf in Resources */ = {isa = PBXBuildFile; fileRef = DD8A991818554836965C191E /* Nunito-Light.ttf */; };
		8F084EEBBE6746069696158F /* Nunito-LightItalic.ttf in Resources */ = {isa = PBXBuildFile; fileRef = B006B8462118453AB367D3DC /* Nunito-LightItalic.ttf */; };
		0CCD8082FCC74538ABF33545 /* Nunito-Medium.ttf in Resources */ = {isa = PBXBuildFile; fileRef = 3D24BC12A91E41E7BF56EE4E /* Nunito-Medium.ttf */; };
		ABA5DCB5F6764811803753DE /* Nunito-MediumItalic.ttf in Resources */ = {isa = PBXBuildFile; fileRef = 0633349494254B53B04C4DDB /* Nunito-MediumItalic.ttf */; };
		3F7313FD00C843048806E121 /* Nunito-Regular.ttf in Resources */ = {isa = PBXBuildFile; fileRef = BE92C37D4A344982942ACAE9 /* Nunito-Regular.ttf */; };
		B9C1C4F2AD0243798975C76C /* Nunito-SemiBold.ttf in Resources */ = {isa = PBXBuildFile; fileRef = D57C9025C6794BD0859C4D2D /* Nunito-SemiBold.ttf */; };
		93FBBC74DD8543D08B698E0A /* Nunito-SemiBoldItalic.ttf in Resources */ = {isa = PBXBuildFile; fileRef = F4A894D6A1FB4E6090C7E34F /* Nunito-SemiBoldItalic.ttf */; };
		F2510F52938947AC91248932 /* Roboto-Black.ttf in Resources */ = {isa = PBXBuildFile; fileRef = 6BB7D4612BA4494EAEED07D7 /* Roboto-Black.ttf */; };
		099146B05746450E90624790 /* Roboto-BlackItalic.ttf in Resources */ = {isa = PBXBuildFile; fileRef = 797D4AC95F6A408090068F0D /* Roboto-BlackItalic.ttf */; };
		D57934DD94C4419898D031EE /* Roboto-Bold.ttf in Resources */ = {isa = PBXBuildFile; fileRef = 61BD4C43050E4066A407E3BA /* Roboto-Bold.ttf */; };
		8E486E6A3A9D47508E49869C /* Roboto-BoldItalic.ttf in Resources */ = {isa = PBXBuildFile; fileRef = C00147369708425A8856CCD1 /* Roboto-BoldItalic.ttf */; };
		CCF736DCCEF64033946F6BF7 /* Roboto-Italic.ttf in Resources */ = {isa = PBXBuildFile; fileRef = 49CC6DEFD8884D96A7067204 /* Roboto-Italic.ttf */; };
		E01AE606D89C4159AC3D7242 /* Roboto-Light.ttf in Resources */ = {isa = PBXBuildFile; fileRef = F3326C7358A4492F8F32DE7B /* Roboto-Light.ttf */; };
		297289F0B4894B31BBCFF9C0 /* Roboto-LightItalic.ttf in Resources */ = {isa = PBXBuildFile; fileRef = C22CF626A8294141ADE0FED7 /* Roboto-LightItalic.ttf */; };
		B7A21D07879246AFB3BC08B4 /* Roboto-Medium.ttf in Resources */ = {isa = PBXBuildFile; fileRef = 724CA7DCB8D04ADFA72705AC /* Roboto-Medium.ttf */; };
		6B7E9DE941D6410481254AD1 /* Roboto-MediumItalic.ttf in Resources */ = {isa = PBXBuildFile; fileRef = E052469C6D224CA4A77DD83B /* Roboto-MediumItalic.ttf */; };
		96DEA3DC297841A0A668CA6F /* Roboto-Regular.ttf in Resources */ = {isa = PBXBuildFile; fileRef = 1E55454277BB4AD8B7E3BA2A /* Roboto-Regular.ttf */; };
		AA4BF63144EC4C63A02AAA9B /* Roboto-Thin.ttf in Resources */ = {isa = PBXBuildFile; fileRef = 57BA9D3A06FB4CE2811D5C13 /* Roboto-Thin.ttf */; };
		FEF2C5ACC07448BD802399DD /* Roboto-ThinItalic.ttf in Resources */ = {isa = PBXBuildFile; fileRef = FFC5B6D9EC184D2E9AFF34D9 /* Roboto-ThinItalic.ttf */; };
/* End PBXBuildFile section */

/* Begin PBXContainerItemProxy section */
		00E356F41AD99517003FC87E /* PBXContainerItemProxy */ = {
			isa = PBXContainerItemProxy;
			containerPortal = 83CBB9F71A601CBA00E9B192 /* Project object */;
			proxyType = 1;
			remoteGlobalIDString = 13B07F861A680F5B00A75B9A;
			remoteInfo = toDoApp_desafio;
		};
/* End PBXContainerItemProxy section */

/* Begin PBXFileReference section */
		00E356EE1AD99517003FC87E /* toDoApp_desafioTests.xctest */ = {isa = PBXFileReference; explicitFileType = wrapper.cfbundle; includeInIndex = 0; path = toDoApp_desafioTests.xctest; sourceTree = BUILT_PRODUCTS_DIR; };
		00E356F11AD99517003FC87E /* Info.plist */ = {isa = PBXFileReference; lastKnownFileType = text.plist.xml; path = Info.plist; sourceTree = "<group>"; };
		00E356F21AD99517003FC87E /* toDoApp_desafioTests.m */ = {isa = PBXFileReference; lastKnownFileType = sourcecode.c.objc; path = toDoApp_desafioTests.m; sourceTree = "<group>"; };
		13B07F961A680F5B00A75B9A /* toDoApp_desafio.app */ = {isa = PBXFileReference; explicitFileType = wrapper.application; includeInIndex = 0; path = toDoApp_desafio.app; sourceTree = BUILT_PRODUCTS_DIR; };
		13B07FAF1A68108700A75B9A /* AppDelegate.h */ = {isa = PBXFileReference; fileEncoding = 4; lastKnownFileType = sourcecode.c.h; name = AppDelegate.h; path = toDoApp_desafio/AppDelegate.h; sourceTree = "<group>"; };
		13B07FB01A68108700A75B9A /* AppDelegate.mm */ = {isa = PBXFileReference; fileEncoding = 4; lastKnownFileType = sourcecode.cpp.objcpp; name = AppDelegate.mm; path = toDoApp_desafio/AppDelegate.mm; sourceTree = "<group>"; };
		13B07FB51A68108700A75B9A /* Images.xcassets */ = {isa = PBXFileReference; lastKnownFileType = folder.assetcatalog; name = Images.xcassets; path = toDoApp_desafio/Images.xcassets; sourceTree = "<group>"; };
		13B07FB61A68108700A75B9A /* Info.plist */ = {isa = PBXFileReference; fileEncoding = 4; lastKnownFileType = text.plist.xml; name = Info.plist; path = toDoApp_desafio/Info.plist; sourceTree = "<group>"; };
		13B07FB71A68108700A75B9A /* main.m */ = {isa = PBXFileReference; fileEncoding = 4; lastKnownFileType = sourcecode.c.objc; name = main.m; path = toDoApp_desafio/main.m; sourceTree = "<group>"; };
		19F6CBCC0A4E27FBF8BF4A61 /* libPods-toDoApp_desafio-toDoApp_desafioTests.a */ = {isa = PBXFileReference; explicitFileType = archive.ar; includeInIndex = 0; path = "libPods-toDoApp_desafio-toDoApp_desafioTests.a"; sourceTree = BUILT_PRODUCTS_DIR; };
		3B4392A12AC88292D35C810B /* Pods-toDoApp_desafio.debug.xcconfig */ = {isa = PBXFileReference; includeInIndex = 1; lastKnownFileType = text.xcconfig; name = "Pods-toDoApp_desafio.debug.xcconfig"; path = "Target Support Files/Pods-toDoApp_desafio/Pods-toDoApp_desafio.debug.xcconfig"; sourceTree = "<group>"; };
		5709B34CF0A7D63546082F79 /* Pods-toDoApp_desafio.release.xcconfig */ = {isa = PBXFileReference; includeInIndex = 1; lastKnownFileType = text.xcconfig; name = "Pods-toDoApp_desafio.release.xcconfig"; path = "Target Support Files/Pods-toDoApp_desafio/Pods-toDoApp_desafio.release.xcconfig"; sourceTree = "<group>"; };
		5B7EB9410499542E8C5724F5 /* Pods-toDoApp_desafio-toDoApp_desafioTests.debug.xcconfig */ = {isa = PBXFileReference; includeInIndex = 1; lastKnownFileType = text.xcconfig; name = "Pods-toDoApp_desafio-toDoApp_desafioTests.debug.xcconfig"; path = "Target Support Files/Pods-toDoApp_desafio-toDoApp_desafioTests/Pods-toDoApp_desafio-toDoApp_desafioTests.debug.xcconfig"; sourceTree = "<group>"; };
		5DCACB8F33CDC322A6C60F78 /* libPods-toDoApp_desafio.a */ = {isa = PBXFileReference; explicitFileType = archive.ar; includeInIndex = 0; path = "libPods-toDoApp_desafio.a"; sourceTree = BUILT_PRODUCTS_DIR; };
		81AB9BB72411601600AC10FF /* LaunchScreen.storyboard */ = {isa = PBXFileReference; fileEncoding = 4; lastKnownFileType = file.storyboard; name = LaunchScreen.storyboard; path = toDoApp_desafio/LaunchScreen.storyboard; sourceTree = "<group>"; };
		89C6BE57DB24E9ADA2F236DE /* Pods-toDoApp_desafio-toDoApp_desafioTests.release.xcconfig */ = {isa = PBXFileReference; includeInIndex = 1; lastKnownFileType = text.xcconfig; name = "Pods-toDoApp_desafio-toDoApp_desafioTests.release.xcconfig"; path = "Target Support Files/Pods-toDoApp_desafio-toDoApp_desafioTests/Pods-toDoApp_desafio-toDoApp_desafioTests.release.xcconfig"; sourceTree = "<group>"; };
		ED297162215061F000B7C4FE /* JavaScriptCore.framework */ = {isa = PBXFileReference; lastKnownFileType = wrapper.framework; name = JavaScriptCore.framework; path = System/Library/Frameworks/JavaScriptCore.framework; sourceTree = SDKROOT; };
		72859C5EF62C4CB88DD13183 /* Antonio-Bold.ttf */ = {isa = PBXFileReference; name = "Antonio-Bold.ttf"; path = "../assets/fonts/Antonio-Bold.ttf"; sourceTree = "<group>"; fileEncoding = undefined; lastKnownFileType = unknown; explicitFileType = undefined; includeInIndex = 0; };
		1F50E66064DA405281760628 /* Antonio-ExtraLight.ttf */ = {isa = PBXFileReference; name = "Antonio-ExtraLight.ttf"; path = "../assets/fonts/Antonio-ExtraLight.ttf"; sourceTree = "<group>"; fileEncoding = undefined; lastKnownFileType = unknown; explicitFileType = undefined; includeInIndex = 0; };
		B8B90125D81E4B59A2B5456D /* Antonio-Light.ttf */ = {isa = PBXFileReference; name = "Antonio-Light.ttf"; path = "../assets/fonts/Antonio-Light.ttf"; sourceTree = "<group>"; fileEncoding = undefined; lastKnownFileType = unknown; explicitFileType = undefined; includeInIndex = 0; };
		0E962DE6750C496C921044FE /* Antonio-Medium.ttf */ = {isa = PBXFileReference; name = "Antonio-Medium.ttf"; path = "../assets/fonts/Antonio-Medium.ttf"; sourceTree = "<group>"; fileEncoding = undefined; lastKnownFileType = unknown; explicitFileType = undefined; includeInIndex = 0; };
		9C32000D8071416FA352AD11 /* Antonio-Regular.ttf */ = {isa = PBXFileReference; name = "Antonio-Regular.ttf"; path = "../assets/fonts/Antonio-Regular.ttf"; sourceTree = "<group>"; fileEncoding = undefined; lastKnownFileType = unknown; explicitFileType = undefined; includeInIndex = 0; };
		6DA1259304244C669B73D218 /* Antonio-SemiBold.ttf */ = {isa = PBXFileReference; name = "Antonio-SemiBold.ttf"; path = "../assets/fonts/Antonio-SemiBold.ttf"; sourceTree = "<group>"; fileEncoding = undefined; lastKnownFileType = unknown; explicitFileType = undefined; includeInIndex = 0; };
		5D251954E2F845B591447FB7 /* Antonio-Thin.ttf */ = {isa = PBXFileReference; name = "Antonio-Thin.ttf"; path = "../assets/fonts/Antonio-Thin.ttf"; sourceTree = "<group>"; fileEncoding = undefined; lastKnownFileType = unknown; explicitFileType = undefined; includeInIndex = 0; };
		7586C0293FEA44D88A4023EE /* Nunito-Black.ttf */ = {isa = PBXFileReference; name = "Nunito-Black.ttf"; path = "../assets/fonts/Nunito-Black.ttf"; sourceTree = "<group>"; fileEncoding = undefined; lastKnownFileType = unknown; explicitFileType = undefined; includeInIndex = 0; };
		7A3CF066E52F48F1B86086E7 /* Nunito-BlackItalic.ttf */ = {isa = PBXFileReference; name = "Nunito-BlackItalic.ttf"; path = "../assets/fonts/Nunito-BlackItalic.ttf"; sourceTree = "<group>"; fileEncoding = undefined; lastKnownFileType = unknown; explicitFileType = undefined; includeInIndex = 0; };
		85EC8158BE9744F5919D4761 /* Nunito-Bold.ttf */ = {isa = PBXFileReference; name = "Nunito-Bold.ttf"; path = "../assets/fonts/Nunito-Bold.ttf"; sourceTree = "<group>"; fileEncoding = undefined; lastKnownFileType = unknown; explicitFileType = undefined; includeInIndex = 0; };
		D829FCD112964F078DC8AF8A /* Nunito-BoldItalic.ttf */ = {isa = PBXFileReference; name = "Nunito-BoldItalic.ttf"; path = "../assets/fonts/Nunito-BoldItalic.ttf"; sourceTree = "<group>"; fileEncoding = undefined; lastKnownFileType = unknown; explicitFileType = undefined; includeInIndex = 0; };
		9F3EE767D51F4213A86A682B /* Nunito-ExtraBold.ttf */ = {isa = PBXFileReference; name = "Nunito-ExtraBold.ttf"; path = "../assets/fonts/Nunito-ExtraBold.ttf"; sourceTree = "<group>"; fileEncoding = undefined; lastKnownFileType = unknown; explicitFileType = undefined; includeInIndex = 0; };
		C0D4AB0E12BD4D64AA45BF8E /* Nunito-ExtraBoldItalic.ttf */ = {isa = PBXFileReference; name = "Nunito-ExtraBoldItalic.ttf"; path = "../assets/fonts/Nunito-ExtraBoldItalic.ttf"; sourceTree = "<group>"; fileEncoding = undefined; lastKnownFileType = unknown; explicitFileType = undefined; includeInIndex = 0; };
		DE7AC335B6E247A59C2C0E3F /* Nunito-ExtraLight.ttf */ = {isa = PBXFileReference; name = "Nunito-ExtraLight.ttf"; path = "../assets/fonts/Nunito-ExtraLight.ttf"; sourceTree = "<group>"; fileEncoding = undefined; lastKnownFileType = unknown; explicitFileType = undefined; includeInIndex = 0; };
		F4CF24A1807C4D92B2B60347 /* Nunito-ExtraLightItalic.ttf */ = {isa = PBXFileReference; name = "Nunito-ExtraLightItalic.ttf"; path = "../assets/fonts/Nunito-ExtraLightItalic.ttf"; sourceTree = "<group>"; fileEncoding = undefined; lastKnownFileType = unknown; explicitFileType = undefined; includeInIndex = 0; };
		B7A7E27C17F64DBFA6B8983A /* Nunito-Italic.ttf */ = {isa = PBXFileReference; name = "Nunito-Italic.ttf"; path = "../assets/fonts/Nunito-Italic.ttf"; sourceTree = "<group>"; fileEncoding = undefined; lastKnownFileType = unknown; explicitFileType = undefined; includeInIndex = 0; };
		DD8A991818554836965C191E /* Nunito-Light.ttf */ = {isa = PBXFileReference; name = "Nunito-Light.ttf"; path = "../assets/fonts/Nunito-Light.ttf"; sourceTree = "<group>"; fileEncoding = undefined; lastKnownFileType = unknown; explicitFileType = undefined; includeInIndex = 0; };
		B006B8462118453AB367D3DC /* Nunito-LightItalic.ttf */ = {isa = PBXFileReference; name = "Nunito-LightItalic.ttf"; path = "../assets/fonts/Nunito-LightItalic.ttf"; sourceTree = "<group>"; fileEncoding = undefined; lastKnownFileType = unknown; explicitFileType = undefined; includeInIndex = 0; };
		3D24BC12A91E41E7BF56EE4E /* Nunito-Medium.ttf */ = {isa = PBXFileReference; name = "Nunito-Medium.ttf"; path = "../assets/fonts/Nunito-Medium.ttf"; sourceTree = "<group>"; fileEncoding = undefined; lastKnownFileType = unknown; explicitFileType = undefined; includeInIndex = 0; };
		0633349494254B53B04C4DDB /* Nunito-MediumItalic.ttf */ = {isa = PBXFileReference; name = "Nunito-MediumItalic.ttf"; path = "../assets/fonts/Nunito-MediumItalic.ttf"; sourceTree = "<group>"; fileEncoding = undefined; lastKnownFileType = unknown; explicitFileType = undefined; includeInIndex = 0; };
		BE92C37D4A344982942ACAE9 /* Nunito-Regular.ttf */ = {isa = PBXFileReference; name = "Nunito-Regular.ttf"; path = "../assets/fonts/Nunito-Regular.ttf"; sourceTree = "<group>"; fileEncoding = undefined; lastKnownFileType = unknown; explicitFileType = undefined; includeInIndex = 0; };
		D57C9025C6794BD0859C4D2D /* Nunito-SemiBold.ttf */ = {isa = PBXFileReference; name = "Nunito-SemiBold.ttf"; path = "../assets/fonts/Nunito-SemiBold.ttf"; sourceTree = "<group>"; fileEncoding = undefined; lastKnownFileType = unknown; explicitFileType = undefined; includeInIndex = 0; };
		F4A894D6A1FB4E6090C7E34F /* Nunito-SemiBoldItalic.ttf */ = {isa = PBXFileReference; name = "Nunito-SemiBoldItalic.ttf"; path = "../assets/fonts/Nunito-SemiBoldItalic.ttf"; sourceTree = "<group>"; fileEncoding = undefined; lastKnownFileType = unknown; explicitFileType = undefined; includeInIndex = 0; };
		6BB7D4612BA4494EAEED07D7 /* Roboto-Black.ttf */ = {isa = PBXFileReference; name = "Roboto-Black.ttf"; path = "../assets/fonts/Roboto-Black.ttf"; sourceTree = "<group>"; fileEncoding = undefined; lastKnownFileType = unknown; explicitFileType = undefined; includeInIndex = 0; };
		797D4AC95F6A408090068F0D /* Roboto-BlackItalic.ttf */ = {isa = PBXFileReference; name = "Roboto-BlackItalic.ttf"; path = "../assets/fonts/Roboto-BlackItalic.ttf"; sourceTree = "<group>"; fileEncoding = undefined; lastKnownFileType = unknown; explicitFileType = undefined; includeInIndex = 0; };
		61BD4C43050E4066A407E3BA /* Roboto-Bold.ttf */ = {isa = PBXFileReference; name = "Roboto-Bold.ttf"; path = "../assets/fonts/Roboto-Bold.ttf"; sourceTree = "<group>"; fileEncoding = undefined; lastKnownFileType = unknown; explicitFileType = undefined; includeInIndex = 0; };
		C00147369708425A8856CCD1 /* Roboto-BoldItalic.ttf */ = {isa = PBXFileReference; name = "Roboto-BoldItalic.ttf"; path = "../assets/fonts/Roboto-BoldItalic.ttf"; sourceTree = "<group>"; fileEncoding = undefined; lastKnownFileType = unknown; explicitFileType = undefined; includeInIndex = 0; };
		49CC6DEFD8884D96A7067204 /* Roboto-Italic.ttf */ = {isa = PBXFileReference; name = "Roboto-Italic.ttf"; path = "../assets/fonts/Roboto-Italic.ttf"; sourceTree = "<group>"; fileEncoding = undefined; lastKnownFileType = unknown; explicitFileType = undefined; includeInIndex = 0; };
		F3326C7358A4492F8F32DE7B /* Roboto-Light.ttf */ = {isa = PBXFileReference; name = "Roboto-Light.ttf"; path = "../assets/fonts/Roboto-Light.ttf"; sourceTree = "<group>"; fileEncoding = undefined; lastKnownFileType = unknown; explicitFileType = undefined; includeInIndex = 0; };
		C22CF626A8294141ADE0FED7 /* Roboto-LightItalic.ttf */ = {isa = PBXFileReference; name = "Roboto-LightItalic.ttf"; path = "../assets/fonts/Roboto-LightItalic.ttf"; sourceTree = "<group>"; fileEncoding = undefined; lastKnownFileType = unknown; explicitFileType = undefined; includeInIndex = 0; };
		724CA7DCB8D04ADFA72705AC /* Roboto-Medium.ttf */ = {isa = PBXFileReference; name = "Roboto-Medium.ttf"; path = "../assets/fonts/Roboto-Medium.ttf"; sourceTree = "<group>"; fileEncoding = undefined; lastKnownFileType = unknown; explicitFileType = undefined; includeInIndex = 0; };
		E052469C6D224CA4A77DD83B /* Roboto-MediumItalic.ttf */ = {isa = PBXFileReference; name = "Roboto-MediumItalic.ttf"; path = "../assets/fonts/Roboto-MediumItalic.ttf"; sourceTree = "<group>"; fileEncoding = undefined; lastKnownFileType = unknown; explicitFileType = undefined; includeInIndex = 0; };
		1E55454277BB4AD8B7E3BA2A /* Roboto-Regular.ttf */ = {isa = PBXFileReference; name = "Roboto-Regular.ttf"; path = "../assets/fonts/Roboto-Regular.ttf"; sourceTree = "<group>"; fileEncoding = undefined; lastKnownFileType = unknown; explicitFileType = undefined; includeInIndex = 0; };
		57BA9D3A06FB4CE2811D5C13 /* Roboto-Thin.ttf */ = {isa = PBXFileReference; name = "Roboto-Thin.ttf"; path = "../assets/fonts/Roboto-Thin.ttf"; sourceTree = "<group>"; fileEncoding = undefined; lastKnownFileType = unknown; explicitFileType = undefined; includeInIndex = 0; };
		FFC5B6D9EC184D2E9AFF34D9 /* Roboto-ThinItalic.ttf */ = {isa = PBXFileReference; name = "Roboto-ThinItalic.ttf"; path = "../assets/fonts/Roboto-ThinItalic.ttf"; sourceTree = "<group>"; fileEncoding = undefined; lastKnownFileType = unknown; explicitFileType = undefined; includeInIndex = 0; };
/* End PBXFileReference section */

/* Begin PBXFrameworksBuildPhase section */
		00E356EB1AD99517003FC87E /* Frameworks */ = {
			isa = PBXFrameworksBuildPhase;
			buildActionMask = 2147483647;
			files = (
				7699B88040F8A987B510C191 /* libPods-toDoApp_desafio-toDoApp_desafioTests.a in Frameworks */,
			);
			runOnlyForDeploymentPostprocessing = 0;
		};
		13B07F8C1A680F5B00A75B9A /* Frameworks */ = {
			isa = PBXFrameworksBuildPhase;
			buildActionMask = 2147483647;
			files = (
				0C80B921A6F3F58F76C31292 /* libPods-toDoApp_desafio.a in Frameworks */,
			);
			runOnlyForDeploymentPostprocessing = 0;
		};
/* End PBXFrameworksBuildPhase section */

/* Begin PBXGroup section */
		00E356EF1AD99517003FC87E /* toDoApp_desafioTests */ = {
			isa = PBXGroup;
			children = (
				00E356F21AD99517003FC87E /* toDoApp_desafioTests.m */,
				00E356F01AD99517003FC87E /* Supporting Files */,
			);
			path = toDoApp_desafioTests;
			sourceTree = "<group>";
		};
		00E356F01AD99517003FC87E /* Supporting Files */ = {
			isa = PBXGroup;
			children = (
				00E356F11AD99517003FC87E /* Info.plist */,
			);
			name = "Supporting Files";
			sourceTree = "<group>";
		};
		13B07FAE1A68108700A75B9A /* toDoApp_desafio */ = {
			isa = PBXGroup;
			children = (
				13B07FAF1A68108700A75B9A /* AppDelegate.h */,
				13B07FB01A68108700A75B9A /* AppDelegate.mm */,
				13B07FB51A68108700A75B9A /* Images.xcassets */,
				13B07FB61A68108700A75B9A /* Info.plist */,
				81AB9BB72411601600AC10FF /* LaunchScreen.storyboard */,
				13B07FB71A68108700A75B9A /* main.m */,
			);
			name = toDoApp_desafio;
			sourceTree = "<group>";
		};
		2D16E6871FA4F8E400B85C8A /* Frameworks */ = {
			isa = PBXGroup;
			children = (
				ED297162215061F000B7C4FE /* JavaScriptCore.framework */,
				5DCACB8F33CDC322A6C60F78 /* libPods-toDoApp_desafio.a */,
				19F6CBCC0A4E27FBF8BF4A61 /* libPods-toDoApp_desafio-toDoApp_desafioTests.a */,
			);
			name = Frameworks;
			sourceTree = "<group>";
		};
		832341AE1AAA6A7D00B99B32 /* Libraries */ = {
			isa = PBXGroup;
			children = (
			);
			name = Libraries;
			sourceTree = "<group>";
		};
		83CBB9F61A601CBA00E9B192 = {
			isa = PBXGroup;
			children = (
				13B07FAE1A68108700A75B9A /* toDoApp_desafio */,
				832341AE1AAA6A7D00B99B32 /* Libraries */,
				00E356EF1AD99517003FC87E /* toDoApp_desafioTests */,
				83CBBA001A601CBA00E9B192 /* Products */,
				2D16E6871FA4F8E400B85C8A /* Frameworks */,
				BBD78D7AC51CEA395F1C20DB /* Pods */,
				5D1B25A6FF754B79B6FD5520 /* Resources */,
			);
			indentWidth = 2;
			sourceTree = "<group>";
			tabWidth = 2;
			usesTabs = 0;
		};
		83CBBA001A601CBA00E9B192 /* Products */ = {
			isa = PBXGroup;
			children = (
				13B07F961A680F5B00A75B9A /* toDoApp_desafio.app */,
				00E356EE1AD99517003FC87E /* toDoApp_desafioTests.xctest */,
			);
			name = Products;
			sourceTree = "<group>";
		};
		BBD78D7AC51CEA395F1C20DB /* Pods */ = {
			isa = PBXGroup;
			children = (
				3B4392A12AC88292D35C810B /* Pods-toDoApp_desafio.debug.xcconfig */,
				5709B34CF0A7D63546082F79 /* Pods-toDoApp_desafio.release.xcconfig */,
				5B7EB9410499542E8C5724F5 /* Pods-toDoApp_desafio-toDoApp_desafioTests.debug.xcconfig */,
				89C6BE57DB24E9ADA2F236DE /* Pods-toDoApp_desafio-toDoApp_desafioTests.release.xcconfig */,
			);
			path = Pods;
			sourceTree = "<group>";
		};
		5D1B25A6FF754B79B6FD5520 /* Resources */ = {
			isa = "PBXGroup";
			children = (
				72859C5EF62C4CB88DD13183 /* Antonio-Bold.ttf */,
				1F50E66064DA405281760628 /* Antonio-ExtraLight.ttf */,
				B8B90125D81E4B59A2B5456D /* Antonio-Light.ttf */,
				0E962DE6750C496C921044FE /* Antonio-Medium.ttf */,
				9C32000D8071416FA352AD11 /* Antonio-Regular.ttf */,
				6DA1259304244C669B73D218 /* Antonio-SemiBold.ttf */,
				5D251954E2F845B591447FB7 /* Antonio-Thin.ttf */,
				7586C0293FEA44D88A4023EE /* Nunito-Black.ttf */,
				7A3CF066E52F48F1B86086E7 /* Nunito-BlackItalic.ttf */,
				85EC8158BE9744F5919D4761 /* Nunito-Bold.ttf */,
				D829FCD112964F078DC8AF8A /* Nunito-BoldItalic.ttf */,
				9F3EE767D51F4213A86A682B /* Nunito-ExtraBold.ttf */,
				C0D4AB0E12BD4D64AA45BF8E /* Nunito-ExtraBoldItalic.ttf */,
				DE7AC335B6E247A59C2C0E3F /* Nunito-ExtraLight.ttf */,
				F4CF24A1807C4D92B2B60347 /* Nunito-ExtraLightItalic.ttf */,
				B7A7E27C17F64DBFA6B8983A /* Nunito-Italic.ttf */,
				DD8A991818554836965C191E /* Nunito-Light.ttf */,
				B006B8462118453AB367D3DC /* Nunito-LightItalic.ttf */,
				3D24BC12A91E41E7BF56EE4E /* Nunito-Medium.ttf */,
				0633349494254B53B04C4DDB /* Nunito-MediumItalic.ttf */,
				BE92C37D4A344982942ACAE9 /* Nunito-Regular.ttf */,
				D57C9025C6794BD0859C4D2D /* Nunito-SemiBold.ttf */,
				F4A894D6A1FB4E6090C7E34F /* Nunito-SemiBoldItalic.ttf */,
				6BB7D4612BA4494EAEED07D7 /* Roboto-Black.ttf */,
				797D4AC95F6A408090068F0D /* Roboto-BlackItalic.ttf */,
				61BD4C43050E4066A407E3BA /* Roboto-Bold.ttf */,
				C00147369708425A8856CCD1 /* Roboto-BoldItalic.ttf */,
				49CC6DEFD8884D96A7067204 /* Roboto-Italic.ttf */,
				F3326C7358A4492F8F32DE7B /* Roboto-Light.ttf */,
				C22CF626A8294141ADE0FED7 /* Roboto-LightItalic.ttf */,
				724CA7DCB8D04ADFA72705AC /* Roboto-Medium.ttf */,
				E052469C6D224CA4A77DD83B /* Roboto-MediumItalic.ttf */,
				1E55454277BB4AD8B7E3BA2A /* Roboto-Regular.ttf */,
				57BA9D3A06FB4CE2811D5C13 /* Roboto-Thin.ttf */,
				FFC5B6D9EC184D2E9AFF34D9 /* Roboto-ThinItalic.ttf */,
			);
			name = Resources;
			sourceTree = "<group>";
			path = "";
		};
/* End PBXGroup section */

/* Begin PBXNativeTarget section */
		00E356ED1AD99517003FC87E /* toDoApp_desafioTests */ = {
			isa = PBXNativeTarget;
			buildConfigurationList = 00E357021AD99517003FC87E /* Build configuration list for PBXNativeTarget "toDoApp_desafioTests" */;
			buildPhases = (
				A55EABD7B0C7F3A422A6CC61 /* [CP] Check Pods Manifest.lock */,
				00E356EA1AD99517003FC87E /* Sources */,
				00E356EB1AD99517003FC87E /* Frameworks */,
				00E356EC1AD99517003FC87E /* Resources */,
				C59DA0FBD6956966B86A3779 /* [CP] Embed Pods Frameworks */,
				F6A41C54EA430FDDC6A6ED99 /* [CP] Copy Pods Resources */,
			);
			buildRules = (
			);
			dependencies = (
				00E356F51AD99517003FC87E /* PBXTargetDependency */,
			);
			name = toDoApp_desafioTests;
			productName = toDoApp_desafioTests;
			productReference = 00E356EE1AD99517003FC87E /* toDoApp_desafioTests.xctest */;
			productType = "com.apple.product-type.bundle.unit-test";
		};
		13B07F861A680F5B00A75B9A /* toDoApp_desafio */ = {
			isa = PBXNativeTarget;
			buildConfigurationList = 13B07F931A680F5B00A75B9A /* Build configuration list for PBXNativeTarget "toDoApp_desafio" */;
			buildPhases = (
				C38B50BA6285516D6DCD4F65 /* [CP] Check Pods Manifest.lock */,
				FD10A7F022414F080027D42C /* Start Packager */,
				13B07F871A680F5B00A75B9A /* Sources */,
				13B07F8C1A680F5B00A75B9A /* Frameworks */,
				13B07F8E1A680F5B00A75B9A /* Resources */,
				00DD1BFF1BD5951E006B06BC /* Bundle React Native code and images */,
				00EEFC60759A1932668264C0 /* [CP] Embed Pods Frameworks */,
				E235C05ADACE081382539298 /* [CP] Copy Pods Resources */,
			);
			buildRules = (
			);
			dependencies = (
			);
			name = toDoApp_desafio;
			productName = toDoApp_desafio;
			productReference = 13B07F961A680F5B00A75B9A /* toDoApp_desafio.app */;
			productType = "com.apple.product-type.application";
		};
/* End PBXNativeTarget section */

/* Begin PBXProject section */
		83CBB9F71A601CBA00E9B192 /* Project object */ = {
			isa = PBXProject;
			attributes = {
				LastUpgradeCheck = 1210;
				TargetAttributes = {
					00E356ED1AD99517003FC87E = {
						CreatedOnToolsVersion = 6.2;
						TestTargetID = 13B07F861A680F5B00A75B9A;
					};
					13B07F861A680F5B00A75B9A = {
						LastSwiftMigration = 1120;
					};
				};
			};
			buildConfigurationList = 83CBB9FA1A601CBA00E9B192 /* Build configuration list for PBXProject "toDoApp_desafio" */;
			compatibilityVersion = "Xcode 12.0";
			developmentRegion = en;
			hasScannedForEncodings = 0;
			knownRegions = (
				en,
				Base,
			);
			mainGroup = 83CBB9F61A601CBA00E9B192;
			productRefGroup = 83CBBA001A601CBA00E9B192 /* Products */;
			projectDirPath = "";
			projectRoot = "";
			targets = (
				13B07F861A680F5B00A75B9A /* toDoApp_desafio */,
				00E356ED1AD99517003FC87E /* toDoApp_desafioTests */,
			);
		};
/* End PBXProject section */

/* Begin PBXResourcesBuildPhase section */
		00E356EC1AD99517003FC87E /* Resources */ = {
			isa = PBXResourcesBuildPhase;
			buildActionMask = 2147483647;
			files = (
			);
			runOnlyForDeploymentPostprocessing = 0;
		};
		13B07F8E1A680F5B00A75B9A /* Resources */ = {
			isa = PBXResourcesBuildPhase;
			buildActionMask = 2147483647;
			files = (
				81AB9BB82411601600AC10FF /* LaunchScreen.storyboard in Resources */,
				13B07FBF1A68108700A75B9A /* Images.xcassets in Resources */,
				40F9412B62E848E0A8B20FC6 /* Antonio-Bold.ttf in Resources */,
				A8850D004BC949438493C3EC /* Antonio-ExtraLight.ttf in Resources */,
				0C3D65860E1A4A8DB43AE882 /* Antonio-Light.ttf in Resources */,
				950D481398EB4C0D834485B0 /* Antonio-Medium.ttf in Resources */,
				DB3FF65D2860403F8D87899D /* Antonio-Regular.ttf in Resources */,
				051D0216A23D475C83DBF9C5 /* Antonio-SemiBold.ttf in Resources */,
				35235994FEE54EC8B594AA95 /* Antonio-Thin.ttf in Resources */,
				03029193B749453391FB44B3 /* Nunito-Black.ttf in Resources */,
				14D5A1609CC14DA292D45EC1 /* Nunito-BlackItalic.ttf in Resources */,
				2B5E455A42EA40509BF480D2 /* Nunito-Bold.ttf in Resources */,
				16A75A530610436A80758FE4 /* Nunito-BoldItalic.ttf in Resources */,
				AEC7B1F5102A443181DECB55 /* Nunito-ExtraBold.ttf in Resources */,
				6044825873F941459A20CC4F /* Nunito-ExtraBoldItalic.ttf in Resources */,
				CB290B55E4D74E0497CBBE4B /* Nunito-ExtraLight.ttf in Resources */,
				1BEB7A3727C04581BFAA9A00 /* Nunito-ExtraLightItalic.ttf in Resources */,
				E11E61218B0842DE8D7E10AD /* Nunito-Italic.ttf in Resources */,
				E1278A9B97964E5189A387D5 /* Nunito-Light.ttf in Resources */,
				8F084EEBBE6746069696158F /* Nunito-LightItalic.ttf in Resources */,
				0CCD8082FCC74538ABF33545 /* Nunito-Medium.ttf in Resources */,
				ABA5DCB5F6764811803753DE /* Nunito-MediumItalic.ttf in Resources */,
				3F7313FD00C843048806E121 /* Nunito-Regular.ttf in Resources */,
				B9C1C4F2AD0243798975C76C /* Nunito-SemiBold.ttf in Resources */,
				93FBBC74DD8543D08B698E0A /* Nunito-SemiBoldItalic.ttf in Resources */,
				F2510F52938947AC91248932 /* Roboto-Black.ttf in Resources */,
				099146B05746450E90624790 /* Roboto-BlackItalic.ttf in Resources */,
				D57934DD94C4419898D031EE /* Roboto-Bold.ttf in Resources */,
				8E486E6A3A9D47508E49869C /* Roboto-BoldItalic.ttf in Resources */,
				CCF736DCCEF64033946F6BF7 /* Roboto-Italic.ttf in Resources */,
				E01AE606D89C4159AC3D7242 /* Roboto-Light.ttf in Resources */,
				297289F0B4894B31BBCFF9C0 /* Roboto-LightItalic.ttf in Resources */,
				B7A21D07879246AFB3BC08B4 /* Roboto-Medium.ttf in Resources */,
				6B7E9DE941D6410481254AD1 /* Roboto-MediumItalic.ttf in Resources */,
				96DEA3DC297841A0A668CA6F /* Roboto-Regular.ttf in Resources */,
				AA4BF63144EC4C63A02AAA9B /* Roboto-Thin.ttf in Resources */,
				FEF2C5ACC07448BD802399DD /* Roboto-ThinItalic.ttf in Resources */,
			);
			runOnlyForDeploymentPostprocessing = 0;
		};
/* End PBXResourcesBuildPhase section */

/* Begin PBXShellScriptBuildPhase section */
		00DD1BFF1BD5951E006B06BC /* Bundle React Native code and images */ = {
			isa = PBXShellScriptBuildPhase;
			buildActionMask = 2147483647;
			files = (
			);
			inputPaths = (
				"$(SRCROOT)/.xcode.env.local",
				"$(SRCROOT)/.xcode.env",
			);
			name = "Bundle React Native code and images";
			outputPaths = (
			);
			runOnlyForDeploymentPostprocessing = 0;
			shellPath = /bin/sh;
			shellScript = "set -e\n\nWITH_ENVIRONMENT=\"../node_modules/react-native/scripts/xcode/with-environment.sh\"\nREACT_NATIVE_XCODE=\"../node_modules/react-native/scripts/react-native-xcode.sh\"\n\n/bin/sh -c \"$WITH_ENVIRONMENT $REACT_NATIVE_XCODE\"\n";
		};
		00EEFC60759A1932668264C0 /* [CP] Embed Pods Frameworks */ = {
			isa = PBXShellScriptBuildPhase;
			buildActionMask = 2147483647;
			files = (
			);
			inputFileListPaths = (
				"${PODS_ROOT}/Target Support Files/Pods-toDoApp_desafio/Pods-toDoApp_desafio-frameworks-${CONFIGURATION}-input-files.xcfilelist",
			);
			name = "[CP] Embed Pods Frameworks";
			outputFileListPaths = (
				"${PODS_ROOT}/Target Support Files/Pods-toDoApp_desafio/Pods-toDoApp_desafio-frameworks-${CONFIGURATION}-output-files.xcfilelist",
			);
			runOnlyForDeploymentPostprocessing = 0;
			shellPath = /bin/sh;
			shellScript = "\"${PODS_ROOT}/Target Support Files/Pods-toDoApp_desafio/Pods-toDoApp_desafio-frameworks.sh\"\n";
			showEnvVarsInLog = 0;
		};
		A55EABD7B0C7F3A422A6CC61 /* [CP] Check Pods Manifest.lock */ = {
			isa = PBXShellScriptBuildPhase;
			buildActionMask = 2147483647;
			files = (
			);
			inputFileListPaths = (
			);
			inputPaths = (
				"${PODS_PODFILE_DIR_PATH}/Podfile.lock",
				"${PODS_ROOT}/Manifest.lock",
			);
			name = "[CP] Check Pods Manifest.lock";
			outputFileListPaths = (
			);
			outputPaths = (
				"$(DERIVED_FILE_DIR)/Pods-toDoApp_desafio-toDoApp_desafioTests-checkManifestLockResult.txt",
			);
			runOnlyForDeploymentPostprocessing = 0;
			shellPath = /bin/sh;
			shellScript = "diff \"${PODS_PODFILE_DIR_PATH}/Podfile.lock\" \"${PODS_ROOT}/Manifest.lock\" > /dev/null\nif [ $? != 0 ] ; then\n    # print error to STDERR\n    echo \"error: The sandbox is not in sync with the Podfile.lock. Run 'pod install' or update your CocoaPods installation.\" >&2\n    exit 1\nfi\n# This output is used by Xcode 'outputs' to avoid re-running this script phase.\necho \"SUCCESS\" > \"${SCRIPT_OUTPUT_FILE_0}\"\n";
			showEnvVarsInLog = 0;
		};
		C38B50BA6285516D6DCD4F65 /* [CP] Check Pods Manifest.lock */ = {
			isa = PBXShellScriptBuildPhase;
			buildActionMask = 2147483647;
			files = (
			);
			inputFileListPaths = (
			);
			inputPaths = (
				"${PODS_PODFILE_DIR_PATH}/Podfile.lock",
				"${PODS_ROOT}/Manifest.lock",
			);
			name = "[CP] Check Pods Manifest.lock";
			outputFileListPaths = (
			);
			outputPaths = (
				"$(DERIVED_FILE_DIR)/Pods-toDoApp_desafio-checkManifestLockResult.txt",
			);
			runOnlyForDeploymentPostprocessing = 0;
			shellPath = /bin/sh;
			shellScript = "diff \"${PODS_PODFILE_DIR_PATH}/Podfile.lock\" \"${PODS_ROOT}/Manifest.lock\" > /dev/null\nif [ $? != 0 ] ; then\n    # print error to STDERR\n    echo \"error: The sandbox is not in sync with the Podfile.lock. Run 'pod install' or update your CocoaPods installation.\" >&2\n    exit 1\nfi\n# This output is used by Xcode 'outputs' to avoid re-running this script phase.\necho \"SUCCESS\" > \"${SCRIPT_OUTPUT_FILE_0}\"\n";
			showEnvVarsInLog = 0;
		};
		C59DA0FBD6956966B86A3779 /* [CP] Embed Pods Frameworks */ = {
			isa = PBXShellScriptBuildPhase;
			buildActionMask = 2147483647;
			files = (
			);
			inputFileListPaths = (
				"${PODS_ROOT}/Target Support Files/Pods-toDoApp_desafio-toDoApp_desafioTests/Pods-toDoApp_desafio-toDoApp_desafioTests-frameworks-${CONFIGURATION}-input-files.xcfilelist",
			);
			name = "[CP] Embed Pods Frameworks";
			outputFileListPaths = (
				"${PODS_ROOT}/Target Support Files/Pods-toDoApp_desafio-toDoApp_desafioTests/Pods-toDoApp_desafio-toDoApp_desafioTests-frameworks-${CONFIGURATION}-output-files.xcfilelist",
			);
			runOnlyForDeploymentPostprocessing = 0;
			shellPath = /bin/sh;
			shellScript = "\"${PODS_ROOT}/Target Support Files/Pods-toDoApp_desafio-toDoApp_desafioTests/Pods-toDoApp_desafio-toDoApp_desafioTests-frameworks.sh\"\n";
			showEnvVarsInLog = 0;
		};
		E235C05ADACE081382539298 /* [CP] Copy Pods Resources */ = {
			isa = PBXShellScriptBuildPhase;
			buildActionMask = 2147483647;
			files = (
			);
			inputFileListPaths = (
				"${PODS_ROOT}/Target Support Files/Pods-toDoApp_desafio/Pods-toDoApp_desafio-resources-${CONFIGURATION}-input-files.xcfilelist",
			);
			name = "[CP] Copy Pods Resources";
			outputFileListPaths = (
				"${PODS_ROOT}/Target Support Files/Pods-toDoApp_desafio/Pods-toDoApp_desafio-resources-${CONFIGURATION}-output-files.xcfilelist",
			);
			runOnlyForDeploymentPostprocessing = 0;
			shellPath = /bin/sh;
			shellScript = "\"${PODS_ROOT}/Target Support Files/Pods-toDoApp_desafio/Pods-toDoApp_desafio-resources.sh\"\n";
			showEnvVarsInLog = 0;
		};
		F6A41C54EA430FDDC6A6ED99 /* [CP] Copy Pods Resources */ = {
			isa = PBXShellScriptBuildPhase;
			buildActionMask = 2147483647;
			files = (
			);
			inputFileListPaths = (
				"${PODS_ROOT}/Target Support Files/Pods-toDoApp_desafio-toDoApp_desafioTests/Pods-toDoApp_desafio-toDoApp_desafioTests-resources-${CONFIGURATION}-input-files.xcfilelist",
			);
			name = "[CP] Copy Pods Resources";
			outputFileListPaths = (
				"${PODS_ROOT}/Target Support Files/Pods-toDoApp_desafio-toDoApp_desafioTests/Pods-toDoApp_desafio-toDoApp_desafioTests-resources-${CONFIGURATION}-output-files.xcfilelist",
			);
			runOnlyForDeploymentPostprocessing = 0;
			shellPath = /bin/sh;
			shellScript = "\"${PODS_ROOT}/Target Support Files/Pods-toDoApp_desafio-toDoApp_desafioTests/Pods-toDoApp_desafio-toDoApp_desafioTests-resources.sh\"\n";
			showEnvVarsInLog = 0;
		};
		FD10A7F022414F080027D42C /* Start Packager */ = {
			isa = PBXShellScriptBuildPhase;
			buildActionMask = 2147483647;
			files = (
			);
			inputFileListPaths = (
			);
			inputPaths = (
			);
			name = "Start Packager";
			outputFileListPaths = (
			);
			outputPaths = (
			);
			runOnlyForDeploymentPostprocessing = 0;
			shellPath = /bin/sh;
			shellScript = "export RCT_METRO_PORT=\"${RCT_METRO_PORT:=8081}\"\necho \"export RCT_METRO_PORT=${RCT_METRO_PORT}\" > \"${SRCROOT}/../node_modules/react-native/scripts/.packager.env\"\nif [ -z \"${RCT_NO_LAUNCH_PACKAGER+xxx}\" ] ; then\n  if nc -w 5 -z localhost ${RCT_METRO_PORT} ; then\n    if ! curl -s \"http://localhost:${RCT_METRO_PORT}/status\" | grep -q \"packager-status:running\" ; then\n      echo \"Port ${RCT_METRO_PORT} already in use, packager is either not running or not running correctly\"\n      exit 2\n    fi\n  else\n    open \"$SRCROOT/../node_modules/react-native/scripts/launchPackager.command\" || echo \"Can't start packager automatically\"\n  fi\nfi\n";
			showEnvVarsInLog = 0;
		};
/* End PBXShellScriptBuildPhase section */

/* Begin PBXSourcesBuildPhase section */
		00E356EA1AD99517003FC87E /* Sources */ = {
			isa = PBXSourcesBuildPhase;
			buildActionMask = 2147483647;
			files = (
				00E356F31AD99517003FC87E /* toDoApp_desafioTests.m in Sources */,
			);
			runOnlyForDeploymentPostprocessing = 0;
		};
		13B07F871A680F5B00A75B9A /* Sources */ = {
			isa = PBXSourcesBuildPhase;
			buildActionMask = 2147483647;
			files = (
				13B07FBC1A68108700A75B9A /* AppDelegate.mm in Sources */,
				13B07FC11A68108700A75B9A /* main.m in Sources */,
			);
			runOnlyForDeploymentPostprocessing = 0;
		};
/* End PBXSourcesBuildPhase section */

/* Begin PBXTargetDependency section */
		00E356F51AD99517003FC87E /* PBXTargetDependency */ = {
			isa = PBXTargetDependency;
			target = 13B07F861A680F5B00A75B9A /* toDoApp_desafio */;
			targetProxy = 00E356F41AD99517003FC87E /* PBXContainerItemProxy */;
		};
/* End PBXTargetDependency section */

/* Begin XCBuildConfiguration section */
		00E356F61AD99517003FC87E /* Debug */ = {
			isa = XCBuildConfiguration;
			baseConfigurationReference = 5B7EB9410499542E8C5724F5 /* Pods-toDoApp_desafio-toDoApp_desafioTests.debug.xcconfig */;
			buildSettings = {
				BUNDLE_LOADER = "$(TEST_HOST)";
				GCC_PREPROCESSOR_DEFINITIONS = (
					"DEBUG=1",
					"$(inherited)",
				);
				INFOPLIST_FILE = toDoApp_desafioTests/Info.plist;
				IPHONEOS_DEPLOYMENT_TARGET = 12.4;
				LD_RUNPATH_SEARCH_PATHS = (
					"$(inherited)",
					"@executable_path/Frameworks",
					"@loader_path/Frameworks",
				);
				OTHER_LDFLAGS = (
					"-ObjC",
					"-lc++",
					"$(inherited)",
				);
				PRODUCT_BUNDLE_IDENTIFIER = "org.reactjs.native.example.$(PRODUCT_NAME:rfc1034identifier)";
				PRODUCT_NAME = "$(TARGET_NAME)";
				TEST_HOST = "$(BUILT_PRODUCTS_DIR)/toDoApp_desafio.app/toDoApp_desafio";
			};
			name = Debug;
		};
		00E356F71AD99517003FC87E /* Release */ = {
			isa = XCBuildConfiguration;
			baseConfigurationReference = 89C6BE57DB24E9ADA2F236DE /* Pods-toDoApp_desafio-toDoApp_desafioTests.release.xcconfig */;
			buildSettings = {
				BUNDLE_LOADER = "$(TEST_HOST)";
				COPY_PHASE_STRIP = NO;
				INFOPLIST_FILE = toDoApp_desafioTests/Info.plist;
				IPHONEOS_DEPLOYMENT_TARGET = 12.4;
				LD_RUNPATH_SEARCH_PATHS = (
					"$(inherited)",
					"@executable_path/Frameworks",
					"@loader_path/Frameworks",
				);
				OTHER_LDFLAGS = (
					"-ObjC",
					"-lc++",
					"$(inherited)",
				);
				PRODUCT_BUNDLE_IDENTIFIER = "org.reactjs.native.example.$(PRODUCT_NAME:rfc1034identifier)";
				PRODUCT_NAME = "$(TARGET_NAME)";
				TEST_HOST = "$(BUILT_PRODUCTS_DIR)/toDoApp_desafio.app/toDoApp_desafio";
			};
			name = Release;
		};
		13B07F941A680F5B00A75B9A /* Debug */ = {
			isa = XCBuildConfiguration;
			baseConfigurationReference = 3B4392A12AC88292D35C810B /* Pods-toDoApp_desafio.debug.xcconfig */;
			buildSettings = {
				ASSETCATALOG_COMPILER_APPICON_NAME = AppIcon;
				CLANG_ENABLE_MODULES = YES;
				CURRENT_PROJECT_VERSION = 1;
				ENABLE_BITCODE = NO;
				INFOPLIST_FILE = toDoApp_desafio/Info.plist;
				LD_RUNPATH_SEARCH_PATHS = (
					"$(inherited)",
					"@executable_path/Frameworks",
				);
				OTHER_LDFLAGS = (
					"$(inherited)",
					"-ObjC",
					"-lc++",
				);
				PRODUCT_BUNDLE_IDENTIFIER = "org.reactjs.native.example.$(PRODUCT_NAME:rfc1034identifier)";
				PRODUCT_NAME = toDoApp_desafio;
				SWIFT_OPTIMIZATION_LEVEL = "-Onone";
				SWIFT_VERSION = 5.0;
				VERSIONING_SYSTEM = "apple-generic";
			};
			name = Debug;
		};
		13B07F951A680F5B00A75B9A /* Release */ = {
			isa = XCBuildConfiguration;
			baseConfigurationReference = 5709B34CF0A7D63546082F79 /* Pods-toDoApp_desafio.release.xcconfig */;
			buildSettings = {
				ASSETCATALOG_COMPILER_APPICON_NAME = AppIcon;
				CLANG_ENABLE_MODULES = YES;
				CURRENT_PROJECT_VERSION = 1;
				INFOPLIST_FILE = toDoApp_desafio/Info.plist;
				LD_RUNPATH_SEARCH_PATHS = (
					"$(inherited)",
					"@executable_path/Frameworks",
				);
				OTHER_LDFLAGS = (
					"$(inherited)",
					"-ObjC",
					"-lc++",
				);
				PRODUCT_BUNDLE_IDENTIFIER = "org.reactjs.native.example.$(PRODUCT_NAME:rfc1034identifier)";
				PRODUCT_NAME = toDoApp_desafio;
				SWIFT_VERSION = 5.0;
				VERSIONING_SYSTEM = "apple-generic";
			};
			name = Release;
		};
		83CBBA201A601CBA00E9B192 /* Debug */ = {
			isa = XCBuildConfiguration;
			buildSettings = {
				ALWAYS_SEARCH_USER_PATHS = NO;
				CLANG_ANALYZER_LOCALIZABILITY_NONLOCALIZED = YES;
				CLANG_CXX_LANGUAGE_STANDARD = "c++17";
				CLANG_CXX_LIBRARY = "libc++";
				CLANG_ENABLE_MODULES = YES;
				CLANG_ENABLE_OBJC_ARC = YES;
				CLANG_WARN_BLOCK_CAPTURE_AUTORELEASING = YES;
				CLANG_WARN_BOOL_CONVERSION = YES;
				CLANG_WARN_COMMA = YES;
				CLANG_WARN_CONSTANT_CONVERSION = YES;
				CLANG_WARN_DEPRECATED_OBJC_IMPLEMENTATIONS = YES;
				CLANG_WARN_DIRECT_OBJC_ISA_USAGE = YES_ERROR;
				CLANG_WARN_EMPTY_BODY = YES;
				CLANG_WARN_ENUM_CONVERSION = YES;
				CLANG_WARN_INFINITE_RECURSION = YES;
				CLANG_WARN_INT_CONVERSION = YES;
				CLANG_WARN_NON_LITERAL_NULL_CONVERSION = YES;
				CLANG_WARN_OBJC_IMPLICIT_RETAIN_SELF = YES;
				CLANG_WARN_OBJC_LITERAL_CONVERSION = YES;
				CLANG_WARN_OBJC_ROOT_CLASS = YES_ERROR;
				CLANG_WARN_QUOTED_INCLUDE_IN_FRAMEWORK_HEADER = YES;
				CLANG_WARN_RANGE_LOOP_ANALYSIS = YES;
				CLANG_WARN_STRICT_PROTOTYPES = YES;
				CLANG_WARN_SUSPICIOUS_MOVE = YES;
				CLANG_WARN_UNREACHABLE_CODE = YES;
				CLANG_WARN__DUPLICATE_METHOD_MATCH = YES;
				"CODE_SIGN_IDENTITY[sdk=iphoneos*]" = "iPhone Developer";
				COPY_PHASE_STRIP = NO;
				ENABLE_STRICT_OBJC_MSGSEND = YES;
				ENABLE_TESTABILITY = YES;
				"EXCLUDED_ARCHS[sdk=iphonesimulator*]" = "";
				GCC_C_LANGUAGE_STANDARD = gnu99;
				GCC_DYNAMIC_NO_PIC = NO;
				GCC_NO_COMMON_BLOCKS = YES;
				GCC_OPTIMIZATION_LEVEL = 0;
				GCC_PREPROCESSOR_DEFINITIONS = (
					"DEBUG=1",
					"$(inherited)",
				);
				GCC_SYMBOLS_PRIVATE_EXTERN = NO;
				GCC_WARN_64_TO_32_BIT_CONVERSION = YES;
				GCC_WARN_ABOUT_RETURN_TYPE = YES_ERROR;
				GCC_WARN_UNDECLARED_SELECTOR = YES;
				GCC_WARN_UNINITIALIZED_AUTOS = YES_AGGRESSIVE;
				GCC_WARN_UNUSED_FUNCTION = YES;
				GCC_WARN_UNUSED_VARIABLE = YES;
				IPHONEOS_DEPLOYMENT_TARGET = 12.4;
				LD_RUNPATH_SEARCH_PATHS = (
					/usr/lib/swift,
					"$(inherited)",
				);
				LIBRARY_SEARCH_PATHS = (
					"\"$(SDKROOT)/usr/lib/swift\"",
					"\"$(TOOLCHAIN_DIR)/usr/lib/swift/$(PLATFORM_NAME)\"",
					"\"$(inherited)\"",
				);
				MTL_ENABLE_DEBUG_INFO = YES;
				ONLY_ACTIVE_ARCH = YES;
				OTHER_CPLUSPLUSFLAGS = (
					"$(OTHER_CFLAGS)",
					"-DFOLLY_NO_CONFIG",
					"-DFOLLY_MOBILE=1",
					"-DFOLLY_USE_LIBCPP=1",
				);
				SDKROOT = iphoneos;
			};
			name = Debug;
		};
		83CBBA211A601CBA00E9B192 /* Release */ = {
			isa = XCBuildConfiguration;
			buildSettings = {
				ALWAYS_SEARCH_USER_PATHS = NO;
				CLANG_ANALYZER_LOCALIZABILITY_NONLOCALIZED = YES;
				CLANG_CXX_LANGUAGE_STANDARD = "c++17";
				CLANG_CXX_LIBRARY = "libc++";
				CLANG_ENABLE_MODULES = YES;
				CLANG_ENABLE_OBJC_ARC = YES;
				CLANG_WARN_BLOCK_CAPTURE_AUTORELEASING = YES;
				CLANG_WARN_BOOL_CONVERSION = YES;
				CLANG_WARN_COMMA = YES;
				CLANG_WARN_CONSTANT_CONVERSION = YES;
				CLANG_WARN_DEPRECATED_OBJC_IMPLEMENTATIONS = YES;
				CLANG_WARN_DIRECT_OBJC_ISA_USAGE = YES_ERROR;
				CLANG_WARN_EMPTY_BODY = YES;
				CLANG_WARN_ENUM_CONVERSION = YES;
				CLANG_WARN_INFINITE_RECURSION = YES;
				CLANG_WARN_INT_CONVERSION = YES;
				CLANG_WARN_NON_LITERAL_NULL_CONVERSION = YES;
				CLANG_WARN_OBJC_IMPLICIT_RETAIN_SELF = YES;
				CLANG_WARN_OBJC_LITERAL_CONVERSION = YES;
				CLANG_WARN_OBJC_ROOT_CLASS = YES_ERROR;
				CLANG_WARN_QUOTED_INCLUDE_IN_FRAMEWORK_HEADER = YES;
				CLANG_WARN_RANGE_LOOP_ANALYSIS = YES;
				CLANG_WARN_STRICT_PROTOTYPES = YES;
				CLANG_WARN_SUSPICIOUS_MOVE = YES;
				CLANG_WARN_UNREACHABLE_CODE = YES;
				CLANG_WARN__DUPLICATE_METHOD_MATCH = YES;
				"CODE_SIGN_IDENTITY[sdk=iphoneos*]" = "iPhone Developer";
				COPY_PHASE_STRIP = YES;
				ENABLE_NS_ASSERTIONS = NO;
				ENABLE_STRICT_OBJC_MSGSEND = YES;
				"EXCLUDED_ARCHS[sdk=iphonesimulator*]" = "";
				GCC_C_LANGUAGE_STANDARD = gnu99;
				GCC_NO_COMMON_BLOCKS = YES;
				GCC_WARN_64_TO_32_BIT_CONVERSION = YES;
				GCC_WARN_ABOUT_RETURN_TYPE = YES_ERROR;
				GCC_WARN_UNDECLARED_SELECTOR = YES;
				GCC_WARN_UNINITIALIZED_AUTOS = YES_AGGRESSIVE;
				GCC_WARN_UNUSED_FUNCTION = YES;
				GCC_WARN_UNUSED_VARIABLE = YES;
				IPHONEOS_DEPLOYMENT_TARGET = 12.4;
				LD_RUNPATH_SEARCH_PATHS = (
					/usr/lib/swift,
					"$(inherited)",
				);
				LIBRARY_SEARCH_PATHS = (
					"\"$(SDKROOT)/usr/lib/swift\"",
					"\"$(TOOLCHAIN_DIR)/usr/lib/swift/$(PLATFORM_NAME)\"",
					"\"$(inherited)\"",
				);
				MTL_ENABLE_DEBUG_INFO = NO;
				OTHER_CPLUSPLUSFLAGS = (
					"$(OTHER_CFLAGS)",
					"-DFOLLY_NO_CONFIG",
					"-DFOLLY_MOBILE=1",
					"-DFOLLY_USE_LIBCPP=1",
				);
				SDKROOT = iphoneos;
				VALIDATE_PRODUCT = YES;
			};
			name = Release;
		};
/* End XCBuildConfiguration section */

/* Begin XCConfigurationList section */
		00E357021AD99517003FC87E /* Build configuration list for PBXNativeTarget "toDoApp_desafioTests" */ = {
			isa = XCConfigurationList;
			buildConfigurations = (
				00E356F61AD99517003FC87E /* Debug */,
				00E356F71AD99517003FC87E /* Release */,
			);
			defaultConfigurationIsVisible = 0;
			defaultConfigurationName = Release;
		};
		13B07F931A680F5B00A75B9A /* Build configuration list for PBXNativeTarget "toDoApp_desafio" */ = {
			isa = XCConfigurationList;
			buildConfigurations = (
				13B07F941A680F5B00A75B9A /* Debug */,
				13B07F951A680F5B00A75B9A /* Release */,
			);
			defaultConfigurationIsVisible = 0;
			defaultConfigurationName = Release;
		};
		83CBB9FA1A601CBA00E9B192 /* Build configuration list for PBXProject "toDoApp_desafio" */ = {
			isa = XCConfigurationList;
			buildConfigurations = (
				83CBBA201A601CBA00E9B192 /* Debug */,
				83CBBA211A601CBA00E9B192 /* Release */,
			);
			defaultConfigurationIsVisible = 0;
			defaultConfigurationName = Release;
		};
/* End XCConfigurationList section */
	};
	rootObject = 83CBB9F71A601CBA00E9B192 /* Project object */;
}
